{
  "name": "Gestor_LaPrimeraDjango",
  "lockfileVersion": 3,
  "requires": true,
  "packages": {
    "": {
      "dependencies": {
        "currency.js": "^2.0.4",
        "dinero.js": "^1.9.1"
      }
    },
    "node_modules/currency.js": {
      "version": "2.0.4",
      "resolved": "https://registry.npmjs.org/currency.js/-/currency.js-2.0.4.tgz",
      "integrity": "sha512-6/OplJYgJ0RUlli74d93HJ/OsKVBi8lB1+Z6eJYS1YZzBuIp4qKKHpJ7ad+GvTlWmLR/hLJOWTykN5Nm8NJ7+w==",
      "engines": {
        "node": ">=4"
      }
    },
    "node_modules/dinero.js": {
      "version": "1.9.1",
      "resolved": "https://registry.npmjs.org/dinero.js/-/dinero.js-1.9.1.tgz",
      "integrity": "sha512-1HXiF2vv3ZeRQ23yr+9lFxj/PbZqutuYWJnE0qfCB9xYBPnuaJ8lXtli1cJM0TvUXW1JTOaePldmqN5JVNxKSA==",
      "engines": {
        "node": "*"
      }
    }
  }
}
